
Microsoft Visual Studio Solution File, Format Version 12.00
# Visual Studio Version 16
VisualStudioVersion = 16.0.31229.75
MinimumVisualStudioVersion = 10.0.40219.1
Project("{9A19103F-16F7-4668-BE54-9A1E7A4F7556}") = "Training", "Training\Training.csproj", "{282D1098-614F-454F-A080-13D91EF39BE8}"
EndProject
Project("{9A19103F-16F7-4668-BE54-9A1E7A4F7556}") = "Employer", "Employer\Employer.csproj", "{4FE86722-7838-41B2-9FFD-405EC4EADB16}"
EndProject
Project("{9A19103F-16F7-4668-BE54-9A1E7A4F7556}") = "Animals", "Animals\Animals.csproj", "{87E8C482-7DDE-4086-BCB3-6643E81BB32C}"
EndProject
Project("{9A19103F-16F7-4668-BE54-9A1E7A4F7556}") = "extensionMethods", "extensionMethods\extensionMethods.csproj", "{8327680E-40E3-4D8A-B950-4849E02C18F8}"
EndProject
Project("{9A19103F-16F7-4668-BE54-9A1E7A4F7556}") = "IteratorTraining", "IteratorTraining\IteratorTraining.csproj", "{799490BB-59AD-4921-A2E3-982710207A13}"
EndProject
Project("{FAE04EC0-301F-11D3-BF4B-00C04F79EFBC}") = "extens.Tests", "extens.Tests\extens.Tests.csproj", "{15B11702-04EB-4ACC-8802-E77FDAFCDCD9}"
EndProject
Global
	GlobalSection(SolutionConfigurationPlatforms) = preSolution
		Debug|Any CPU = Debug|Any CPU
		Release|Any CPU = Release|Any CPU
	EndGlobalSection
	GlobalSection(ProjectConfigurationPlatforms) = postSolution
		{282D1098-614F-454F-A080-13D91EF39BE8}.Debug|Any CPU.ActiveCfg = Debug|Any CPU
		{282D1098-614F-454F-A080-13D91EF39BE8}.Debug|Any CPU.Build.0 = Debug|Any CPU
		{282D1098-614F-454F-A080-13D91EF39BE8}.Release|Any CPU.ActiveCfg = Release|Any CPU
		{282D1098-614F-454F-A080-13D91EF39BE8}.Release|Any CPU.Build.0 = Release|Any CPU
		{4FE86722-7838-41B2-9FFD-405EC4EADB16}.Debug|Any CPU.ActiveCfg = Debug|Any CPU
		{4FE86722-7838-41B2-9FFD-405EC4EADB16}.Debug|Any CPU.Build.0 = Debug|Any CPU
		{4FE86722-7838-41B2-9FFD-405EC4EADB16}.Release|Any CPU.ActiveCfg = Release|Any CPU
		{4FE86722-7838-41B2-9FFD-405EC4EADB16}.Release|Any CPU.Build.0 = Release|Any CPU
		{87E8C482-7DDE-4086-BCB3-6643E81BB32C}.Debug|Any CPU.ActiveCfg = Debug|Any CPU
		{87E8C482-7DDE-4086-BCB3-6643E81BB32C}.Debug|Any CPU.Build.0 = Debug|Any CPU
		{87E8C482-7DDE-4086-BCB3-6643E81BB32C}.Release|Any CPU.ActiveCfg = Release|Any CPU
		{87E8C482-7DDE-4086-BCB3-6643E81BB32C}.Release|Any CPU.Build.0 = Release|Any CPU
		{8327680E-40E3-4D8A-B950-4849E02C18F8}.Debug|Any CPU.ActiveCfg = Debug|Any CPU
		{8327680E-40E3-4D8A-B950-4849E02C18F8}.Debug|Any CPU.Build.0 = Debug|Any CPU
		{8327680E-40E3-4D8A-B950-4849E02C18F8}.Release|Any CPU.ActiveCfg = Release|Any CPU
		{8327680E-40E3-4D8A-B950-4849E02C18F8}.Release|Any CPU.Build.0 = Release|Any CPU
		{799490BB-59AD-4921-A2E3-982710207A13}.Debug|Any CPU.ActiveCfg = Debug|Any CPU
		{799490BB-59AD-4921-A2E3-982710207A13}.Debug|Any CPU.Build.0 = Debug|Any CPU
		{799490BB-59AD-4921-A2E3-982710207A13}.Release|Any CPU.ActiveCfg = Release|Any CPU
		{799490BB-59AD-4921-A2E3-982710207A13}.Release|Any CPU.Build.0 = Release|Any CPU
		{15B11702-04EB-4ACC-8802-E77FDAFCDCD9}.Debug|Any CPU.ActiveCfg = Debug|Any CPU
		{15B11702-04EB-4ACC-8802-E77FDAFCDCD9}.Debug|Any CPU.Build.0 = Debug|Any CPU
		{15B11702-04EB-4ACC-8802-E77FDAFCDCD9}.Release|Any CPU.ActiveCfg = Release|Any CPU
		{15B11702-04EB-4ACC-8802-E77FDAFCDCD9}.Release|Any CPU.Build.0 = Release|Any CPU
	EndGlobalSection
	GlobalSection(SolutionProperties) = preSolution
		HideSolutionNode = FALSE
	EndGlobalSection
	GlobalSection(ExtensibilityGlobals) = postSolution
		SolutionGuid = {28ADC77E-B127-4883-9F42-D2396773F759}
	EndGlobalSection
EndGlobal
